
Microsoft Visual Studio Solution File, Format Version 12.00
# Visual Studio Version 17
VisualStudioVersion = 17.4.33403.182
MinimumVisualStudioVersion = 10.0.40219.1
Project("{8BC9CEB8-8B4A-11D0-8D11-00A0C91BC942}") = "Student_Report_Management_System_Group_6", "Student_Report_Management_System_Group_6.vcxproj", "{F98DC8C6-D48A-4925-9187-1A28AA3A4294}"
EndProject
Global
	GlobalSection(SolutionConfigurationPlatforms) = preSolution
		Debug|x64 = Debug|x64
		Debug|x86 = Debug|x86
		Release|x64 = Release|x64
		Release|x86 = Release|x86
	EndGlobalSection
	GlobalSection(ProjectConfigurationPlatforms) = postSolution
		{F98DC8C6-D48A-4925-9187-1A28AA3A4294}.Debug|x64.ActiveCfg = Debug|x64
		{F98DC8C6-D48A-4925-9187-1A28AA3A4294}.Debug|x64.Build.0 = Debug|x64
		{F98DC8C6-D48A-4925-9187-1A28AA3A4294}.Debug|x86.ActiveCfg = Debug|Win32
		{F98DC8C6-D48A-4925-9187-1A28AA3A4294}.Debug|x86.Build.0 = Debug|Win32
		{F98DC8C6-D48A-4925-9187-1A28AA3A4294}.Release|x64.ActiveCfg = Release|x64
		{F98DC8C6-D48A-4925-9187-1A28AA3A4294}.Release|x64.Build.0 = Release|x64
		{F98DC8C6-D48A-4925-9187-1A28AA3A4294}.Release|x86.ActiveCfg = Release|Win32
		{F98DC8C6-D48A-4925-9187-1A28AA3A4294}.Release|x86.Build.0 = Release|Win32
	EndGlobalSection
	GlobalSection(SolutionProperties) = preSolution
		HideSolutionNode = FALSE
	EndGlobalSection
	GlobalSection(ExtensibilityGlobals) = postSolution
		SolutionGuid = {1DB47BCB-0979-4039-A4BD-68E4E1EDED68}
	EndGlobalSection
EndGlobal
